// !$*UTF8*$!
{
	archiveVersion = 1;
	classes = {
	};
	objectVersion = 52;
	objects = {

/* Begin PBXBuildFile section */
		CB1AFA1A26F1EABD00F08951 /* AppDelegate.swift in Sources */ = {isa = PBXBuildFile; fileRef = CB1AFA1926F1EABD00F08951 /* AppDelegate.swift */; };
		CB1AFA1C26F1EABD00F08951 /* SceneDelegate.swift in Sources */ = {isa = PBXBuildFile; fileRef = CB1AFA1B26F1EABD00F08951 /* SceneDelegate.swift */; };
		CB1AFA1E26F1EABD00F08951 /* ViewController.swift in Sources */ = {isa = PBXBuildFile; fileRef = CB1AFA1D26F1EABD00F08951 /* ViewController.swift */; };
		CB1AFA2126F1EABD00F08951 /* Main.storyboard in Resources */ = {isa = PBXBuildFile; fileRef = CB1AFA1F26F1EABD00F08951 /* Main.storyboard */; };
		CB1AFA2326F1EABF00F08951 /* Assets.xcassets in Resources */ = {isa = PBXBuildFile; fileRef = CB1AFA2226F1EABF00F08951 /* Assets.xcassets */; };
		CB1AFA2626F1EABF00F08951 /* LaunchScreen.storyboard in Resources */ = {isa = PBXBuildFile; fileRef = CB1AFA2426F1EABF00F08951 /* LaunchScreen.storyboard */; };
		CB1AFA2F26F1EB1200F08951 /* PhotoEditorSDK in Frameworks */ = {isa = PBXBuildFile; productRef = CB1AFA2E26F1EB1200F08951 /* PhotoEditorSDK */; };
		CB1AFA3126F1EB1D00F08951 /* PhotoEditor.swift in Sources */ = {isa = PBXBuildFile; fileRef = CB1AFA3026F1EB1D00F08951 /* PhotoEditor.swift */; };
		CB1AFA3926F1EB9800F08951 /* FilteredThumbnailCollectionViewCell.xib in Resources */ = {isa = PBXBuildFile; fileRef = CB1AFA3426F1EB9800F08951 /* FilteredThumbnailCollectionViewCell.xib */; };
		CB1AFA3A26F1EB9800F08951 /* FilteredThumbnailCollectionViewCell.swift in Sources */ = {isa = PBXBuildFile; fileRef = CB1AFA3526F1EB9800F08951 /* FilteredThumbnailCollectionViewCell.swift */; };
		CB1AFA3B26F1EB9800F08951 /* CustomPhotoEditViewController.swift in Sources */ = {isa = PBXBuildFile; fileRef = CB1AFA3726F1EB9800F08951 /* CustomPhotoEditViewController.swift */; };
		CB1AFA3C26F1EB9800F08951 /* CustomPhotoEditViewController.xib in Resources */ = {isa = PBXBuildFile; fileRef = CB1AFA3826F1EB9800F08951 /* CustomPhotoEditViewController.xib */; };
		CB1AFA3E26F1EBB200F08951 /* FilteredThumbnail.swift in Sources */ = {isa = PBXBuildFile; fileRef = CB1AFA3D26F1EBB200F08951 /* FilteredThumbnail.swift */; };
		CB1AFA4026F1EC2500F08951 /* UIViewExtension.swift in Sources */ = {isa = PBXBuildFile; fileRef = CB1AFA3F26F1EC2500F08951 /* UIViewExtension.swift */; };
/* End PBXBuildFile section */

/* Begin PBXFileReference section */
		CB1AFA1626F1EABD00F08951 /* PhotoEditorSDKIssue.app */ = {isa = PBXFileReference; explicitFileType = wrapper.application; includeInIndex = 0; path = PhotoEditorSDKIssue.app; sourceTree = BUILT_PRODUCTS_DIR; };
		CB1AFA1926F1EABD00F08951 /* AppDelegate.swift */ = {isa = PBXFileReference; lastKnownFileType = sourcecode.swift; path = AppDelegate.swift; sourceTree = "<group>"; };
		CB1AFA1B26F1EABD00F08951 /* SceneDelegate.swift */ = {isa = PBXFileReference; lastKnownFileType = sourcecode.swift; path = SceneDelegate.swift; sourceTree = "<group>"; };
		CB1AFA1D26F1EABD00F08951 /* ViewController.swift */ = {isa = PBXFileReference; lastKnownFileType = sourcecode.swift; path = ViewController.swift; sourceTree = "<group>"; };
		CB1AFA2026F1EABD00F08951 /* Base */ = {isa = PBXFileReference; lastKnownFileType = file.storyboard; name = Base; path = Base.lproj/Main.storyboard; sourceTree = "<group>"; };
		CB1AFA2226F1EABF00F08951 /* Assets.xcassets */ = {isa = PBXFileReference; lastKnownFileType = folder.assetcatalog; path = Assets.xcassets; sourceTree = "<group>"; };
		CB1AFA2526F1EABF00F08951 /* Base */ = {isa = PBXFileReference; lastKnownFileType = file.storyboard; name = Base; path = Base.lproj/LaunchScreen.storyboard; sourceTree = "<group>"; };
		CB1AFA2726F1EABF00F08951 /* Info.plist */ = {isa = PBXFileReference; lastKnownFileType = text.plist.xml; path = Info.plist; sourceTree = "<group>"; };
		CB1AFA3026F1EB1D00F08951 /* PhotoEditor.swift */ = {isa = PBXFileReference; lastKnownFileType = sourcecode.swift; path = PhotoEditor.swift; sourceTree = "<group>"; };
		CB1AFA3426F1EB9800F08951 /* FilteredThumbnailCollectionViewCell.xib */ = {isa = PBXFileReference; fileEncoding = 4; lastKnownFileType = file.xib; path = FilteredThumbnailCollectionViewCell.xib; sourceTree = "<group>"; };
		CB1AFA3526F1EB9800F08951 /* FilteredThumbnailCollectionViewCell.swift */ = {isa = PBXFileReference; fileEncoding = 4; lastKnownFileType = sourcecode.swift; path = FilteredThumbnailCollectionViewCell.swift; sourceTree = "<group>"; };
		CB1AFA3726F1EB9800F08951 /* CustomPhotoEditViewController.swift */ = {isa = PBXFileReference; fileEncoding = 4; lastKnownFileType = sourcecode.swift; path = CustomPhotoEditViewController.swift; sourceTree = "<group>"; };
		CB1AFA3826F1EB9800F08951 /* CustomPhotoEditViewController.xib */ = {isa = PBXFileReference; fileEncoding = 4; lastKnownFileType = file.xib; path = CustomPhotoEditViewController.xib; sourceTree = "<group>"; };
		CB1AFA3D26F1EBB200F08951 /* FilteredThumbnail.swift */ = {isa = PBXFileReference; fileEncoding = 4; lastKnownFileType = sourcecode.swift; path = FilteredThumbnail.swift; sourceTree = "<group>"; };
		CB1AFA3F26F1EC2500F08951 /* UIViewExtension.swift */ = {isa = PBXFileReference; lastKnownFileType = sourcecode.swift; path = UIViewExtension.swift; sourceTree = "<group>"; };
/* End PBXFileReference section */

/* Begin PBXFrameworksBuildPhase section */
		CB1AFA1326F1EABD00F08951 /* Frameworks */ = {
			isa = PBXFrameworksBuildPhase;
			buildActionMask = 2147483647;
			files = (
				CB1AFA2F26F1EB1200F08951 /* PhotoEditorSDK in Frameworks */,
			);
			runOnlyForDeploymentPostprocessing = 0;
		};
/* End PBXFrameworksBuildPhase section */

/* Begin PBXGroup section */
		CB1AFA0D26F1EABD00F08951 = {
			isa = PBXGroup;
			children = (
				CB1AFA1826F1EABD00F08951 /* PhotoEditorSDKIssue */,
				CB1AFA1726F1EABD00F08951 /* Products */,
			);
			sourceTree = "<group>";
		};
		CB1AFA1726F1EABD00F08951 /* Products */ = {
			isa = PBXGroup;
			children = (
				CB1AFA1626F1EABD00F08951 /* PhotoEditorSDKIssue.app */,
			);
			name = Products;
			sourceTree = "<group>";
		};
		CB1AFA1826F1EABD00F08951 /* PhotoEditorSDKIssue */ = {
			isa = PBXGroup;
			children = (
				CB1AFA1926F1EABD00F08951 /* AppDelegate.swift */,
				CB1AFA1B26F1EABD00F08951 /* SceneDelegate.swift */,
				CB1AFA1D26F1EABD00F08951 /* ViewController.swift */,
				CB1AFA1F26F1EABD00F08951 /* Main.storyboard */,
				CB1AFA2226F1EABF00F08951 /* Assets.xcassets */,
				CB1AFA2426F1EABF00F08951 /* LaunchScreen.storyboard */,
				CB1AFA2726F1EABF00F08951 /* Info.plist */,
				CB1AFA3026F1EB1D00F08951 /* PhotoEditor.swift */,
				CB1AFA3D26F1EBB200F08951 /* FilteredThumbnail.swift */,
				CB1AFA3226F1EB9800F08951 /* CustomPhotoEditViewController */,
				CB1AFA3F26F1EC2500F08951 /* UIViewExtension.swift */,
			);
			path = PhotoEditorSDKIssue;
			sourceTree = "<group>";
		};
		CB1AFA3226F1EB9800F08951 /* CustomPhotoEditViewController */ = {
			isa = PBXGroup;
			children = (
				CB1AFA3626F1EB9800F08951 /* View */,
				CB1AFA3326F1EB9800F08951 /* CollectionViewCells */,
			);
			path = CustomPhotoEditViewController;
			sourceTree = "<group>";
		};
		CB1AFA3326F1EB9800F08951 /* CollectionViewCells */ = {
			isa = PBXGroup;
			children = (
				CB1AFA3426F1EB9800F08951 /* FilteredThumbnailCollectionViewCell.xib */,
				CB1AFA3526F1EB9800F08951 /* FilteredThumbnailCollectionViewCell.swift */,
			);
			path = CollectionViewCells;
			sourceTree = "<group>";
		};
		CB1AFA3626F1EB9800F08951 /* View */ = {
			isa = PBXGroup;
			children = (
				CB1AFA3726F1EB9800F08951 /* CustomPhotoEditViewController.swift */,
				CB1AFA3826F1EB9800F08951 /* CustomPhotoEditViewController.xib */,
			);
			path = View;
			sourceTree = "<group>";
		};
/* End PBXGroup section */

/* Begin PBXNativeTarget section */
		CB1AFA1526F1EABD00F08951 /* PhotoEditorSDKIssue */ = {
			isa = PBXNativeTarget;
			buildConfigurationList = CB1AFA2A26F1EABF00F08951 /* Build configuration list for PBXNativeTarget "PhotoEditorSDKIssue" */;
			buildPhases = (
				CB1AFA1226F1EABD00F08951 /* Sources */,
				CB1AFA1326F1EABD00F08951 /* Frameworks */,
				CB1AFA1426F1EABD00F08951 /* Resources */,
			);
			buildRules = (
			);
			dependencies = (
			);
			name = PhotoEditorSDKIssue;
			packageProductDependencies = (
				CB1AFA2E26F1EB1200F08951 /* PhotoEditorSDK */,
			);
			productName = PhotoEditorSDKIssue;
			productReference = CB1AFA1626F1EABD00F08951 /* PhotoEditorSDKIssue.app */;
			productType = "com.apple.product-type.application";
		};
/* End PBXNativeTarget section */

/* Begin PBXProject section */
		CB1AFA0E26F1EABD00F08951 /* Project object */ = {
			isa = PBXProject;
			attributes = {
				LastSwiftUpdateCheck = 1250;
				LastUpgradeCheck = 1250;
				TargetAttributes = {
					CB1AFA1526F1EABD00F08951 = {
						CreatedOnToolsVersion = 12.5;
					};
				};
			};
			buildConfigurationList = CB1AFA1126F1EABD00F08951 /* Build configuration list for PBXProject "PhotoEditorSDKIssue" */;
			compatibilityVersion = "Xcode 9.3";
			developmentRegion = en;
			hasScannedForEncodings = 0;
			knownRegions = (
				en,
				Base,
			);
			mainGroup = CB1AFA0D26F1EABD00F08951;
			packageReferences = (
				CB1AFA2D26F1EB1200F08951 /* XCRemoteSwiftPackageReference "pesdk-ios-build" */,
			);
			productRefGroup = CB1AFA1726F1EABD00F08951 /* Products */;
			projectDirPath = "";
			projectRoot = "";
			targets = (
				CB1AFA1526F1EABD00F08951 /* PhotoEditorSDKIssue */,
			);
		};
/* End PBXProject section */

/* Begin PBXResourcesBuildPhase section */
		CB1AFA1426F1EABD00F08951 /* Resources */ = {
			isa = PBXResourcesBuildPhase;
			buildActionMask = 2147483647;
			files = (
				CB1AFA3C26F1EB9800F08951 /* CustomPhotoEditViewController.xib in Resources */,
				CB1AFA2626F1EABF00F08951 /* LaunchScreen.storyboard in Resources */,
				CB1AFA2326F1EABF00F08951 /* Assets.xcassets in Resources */,
				CB1AFA3926F1EB9800F08951 /* FilteredThumbnailCollectionViewCell.xib in Resources */,
				CB1AFA2126F1EABD00F08951 /* Main.storyboard in Resources */,
			);
			runOnlyForDeploymentPostprocessing = 0;
		};
/* End PBXResourcesBuildPhase section */

/* Begin PBXSourcesBuildPhase section */
		CB1AFA1226F1EABD00F08951 /* Sources */ = {
			isa = PBXSourcesBuildPhase;
			buildActionMask = 2147483647;
			files = (
				CB1AFA1E26F1EABD00F08951 /* ViewController.swift in Sources */,
				CB1AFA3126F1EB1D00F08951 /* PhotoEditor.swift in Sources */,
				CB1AFA1A26F1EABD00F08951 /* AppDelegate.swift in Sources */,
				CB1AFA1C26F1EABD00F08951 /* SceneDelegate.swift in Sources */,
				CB1AFA3E26F1EBB200F08951 /* FilteredThumbnail.swift in Sources */,
				CB1AFA3B26F1EB9800F08951 /* CustomPhotoEditViewController.swift in Sources */,
				CB1AFA4026F1EC2500F08951 /* UIViewExtension.swift in Sources */,
				CB1AFA3A26F1EB9800F08951 /* FilteredThumbnailCollectionViewCell.swift in Sources */,
			);
			runOnlyForDeploymentPostprocessing = 0;
		};
/* End PBXSourcesBuildPhase section */

/* Begin PBXVariantGroup section */
		CB1AFA1F26F1EABD00F08951 /* Main.storyboard */ = {
			isa = PBXVariantGroup;
			children = (
				CB1AFA2026F1EABD00F08951 /* Base */,
			);
			name = Main.storyboard;
			sourceTree = "<group>";
		};
		CB1AFA2426F1EABF00F08951 /* LaunchScreen.storyboard */ = {
			isa = PBXVariantGroup;
			children = (
				CB1AFA2526F1EABF00F08951 /* Base */,
			);
			name = LaunchScreen.storyboard;
			sourceTree = "<group>";
		};
/* End PBXVariantGroup section */

/* Begin XCBuildConfiguration section */
		CB1AFA2826F1EABF00F08951 /* Debug */ = {
			isa = XCBuildConfiguration;
			buildSettings = {
				ALWAYS_SEARCH_USER_PATHS = NO;
				CLANG_ANALYZER_NONNULL = YES;
				CLANG_ANALYZER_NUMBER_OBJECT_CONVERSION = YES_AGGRESSIVE;
				CLANG_CXX_LANGUAGE_STANDARD = "gnu++14";
				CLANG_CXX_LIBRARY = "libc++";
				CLANG_ENABLE_MODULES = YES;
				CLANG_ENABLE_OBJC_ARC = YES;
				CLANG_ENABLE_OBJC_WEAK = YES;
				CLANG_WARN_BLOCK_CAPTURE_AUTORELEASING = YES;
				CLANG_WARN_BOOL_CONVERSION = YES;
				CLANG_WARN_COMMA = YES;
				CLANG_WARN_CONSTANT_CONVERSION = YES;
				CLANG_WARN_DEPRECATED_OBJC_IMPLEMENTATIONS = YES;
				CLANG_WARN_DIRECT_OBJC_ISA_USAGE = YES_ERROR;
				CLANG_WARN_DOCUMENTATION_COMMENTS = YES;
				CLANG_WARN_EMPTY_BODY = YES;
				CLANG_WARN_ENUM_CONVERSION = YES;
				CLANG_WARN_INFINITE_RECURSION = YES;
				CLANG_WARN_INT_CONVERSION = YES;
				CLANG_WARN_NON_LITERAL_NULL_CONVERSION = YES;
				CLANG_WARN_OBJC_IMPLICIT_RETAIN_SELF = YES;
				CLANG_WARN_OBJC_LITERAL_CONVERSION = YES;
				CLANG_WARN_OBJC_ROOT_CLASS = YES_ERROR;
				CLANG_WARN_QUOTED_INCLUDE_IN_FRAMEWORK_HEADER = YES;
				CLANG_WARN_RANGE_LOOP_ANALYSIS = YES;
				CLANG_WARN_STRICT_PROTOTYPES = YES;
				CLANG_WARN_SUSPICIOUS_MOVE = YES;
				CLANG_WARN_UNGUARDED_AVAILABILITY = YES_AGGRESSIVE;
				CLANG_WARN_UNREACHABLE_CODE = YES;
				CLANG_WARN__DUPLICATE_METHOD_MATCH = YES;
				COPY_PHASE_STRIP = NO;
				DEBUG_INFORMATION_FORMAT = dwarf;
				ENABLE_STRICT_OBJC_MSGSEND = YES;
				ENABLE_TESTABILITY = YES;
				GCC_C_LANGUAGE_STANDARD = gnu11;
				GCC_DYNAMIC_NO_PIC = NO;
				GCC_NO_COMMON_BLOCKS = YES;
				GCC_OPTIMIZATION_LEVEL = 0;
				GCC_PREPROCESSOR_DEFINITIONS = (
					"DEBUG=1",
					"$(inherited)",
				);
				GCC_WARN_64_TO_32_BIT_CONVERSION = YES;
				GCC_WARN_ABOUT_RETURN_TYPE = YES_ERROR;
				GCC_WARN_UNDECLARED_SELECTOR = YES;
				GCC_WARN_UNINITIALIZED_AUTOS = YES_AGGRESSIVE;
				GCC_WARN_UNUSED_FUNCTION = YES;
				GCC_WARN_UNUSED_VARIABLE = YES;
				IPHONEOS_DEPLOYMENT_TARGET = 14.5;
				MTL_ENABLE_DEBUG_INFO = INCLUDE_SOURCE;
				MTL_FAST_MATH = YES;
				ONLY_ACTIVE_ARCH = YES;
				SDKROOT = iphoneos;
				SWIFT_ACTIVE_COMPILATION_CONDITIONS = DEBUG;
				SWIFT_OPTIMIZATION_LEVEL = "-Onone";
			};
			name = Debug;
		};
		CB1AFA2926F1EABF00F08951 /* Release */ = {
			isa = XCBuildConfiguration;
			buildSettings = {
				ALWAYS_SEARCH_USER_PATHS = NO;
				CLANG_ANALYZER_NONNULL = YES;
				CLANG_ANALYZER_NUMBER_OBJECT_CONVERSION = YES_AGGRESSIVE;
				CLANG_CXX_LANGUAGE_STANDARD = "gnu++14";
				CLANG_CXX_LIBRARY = "libc++";
				CLANG_ENABLE_MODULES = YES;
				CLANG_ENABLE_OBJC_ARC = YES;
				CLANG_ENABLE_OBJC_WEAK = YES;
				CLANG_WARN_BLOCK_CAPTURE_AUTORELEASING = YES;
				CLANG_WARN_BOOL_CONVERSION = YES;
				CLANG_WARN_COMMA = YES;
				CLANG_WARN_CONSTANT_CONVERSION = YES;
				CLANG_WARN_DEPRECATED_OBJC_IMPLEMENTATIONS = YES;
				CLANG_WARN_DIRECT_OBJC_ISA_USAGE = YES_ERROR;
				CLANG_WARN_DOCUMENTATION_COMMENTS = YES;
				CLANG_WARN_EMPTY_BODY = YES;
				CLANG_WARN_ENUM_CONVERSION = YES;
				CLANG_WARN_INFINITE_RECURSION = YES;
				CLANG_WARN_INT_CONVERSION = YES;
				CLANG_WARN_NON_LITERAL_NULL_CONVERSION = YES;
				CLANG_WARN_OBJC_IMPLICIT_RETAIN_SELF = YES;
				CLANG_WARN_OBJC_LITERAL_CONVERSION = YES;
				CLANG_WARN_OBJC_ROOT_CLASS = YES_ERROR;
				CLANG_WARN_QUOTED_INCLUDE_IN_FRAMEWORK_HEADER = YES;
				CLANG_WARN_RANGE_LOOP_ANALYSIS = YES;
				CLANG_WARN_STRICT_PROTOTYPES = YES;
				CLANG_WARN_SUSPICIOUS_MOVE = YES;
				CLANG_WARN_UNGUARDED_AVAILABILITY = YES_AGGRESSIVE;
				CLANG_WARN_UNREACHABLE_CODE = YES;
				CLANG_WARN__DUPLICATE_METHOD_MATCH = YES;
				COPY_PHASE_STRIP = NO;
				DEBUG_INFORMATION_FORMAT = "dwarf-with-dsym";
				ENABLE_NS_ASSERTIONS = NO;
				ENABLE_STRICT_OBJC_MSGSEND = YES;
				GCC_C_LANGUAGE_STANDARD = gnu11;
				GCC_NO_COMMON_BLOCKS = YES;
				GCC_WARN_64_TO_32_BIT_CONVERSION = YES;
				GCC_WARN_ABOUT_RETURN_TYPE = YES_ERROR;
				GCC_WARN_UNDECLARED_SELECTOR = YES;
				GCC_WARN_UNINITIALIZED_AUTOS = YES_AGGRESSIVE;
				GCC_WARN_UNUSED_FUNCTION = YES;
				GCC_WARN_UNUSED_VARIABLE = YES;
				IPHONEOS_DEPLOYMENT_TARGET = 14.5;
				MTL_ENABLE_DEBUG_INFO = NO;
				MTL_FAST_MATH = YES;
				SDKROOT = iphoneos;
				SWIFT_COMPILATION_MODE = wholemodule;
				SWIFT_OPTIMIZATION_LEVEL = "-O";
				VALIDATE_PRODUCT = YES;
			};
			name = Release;
		};
		CB1AFA2B26F1EABF00F08951 /* Debug */ = {
			isa = XCBuildConfiguration;
			buildSettings = {
				ASSETCATALOG_COMPILER_APPICON_NAME = AppIcon;
				ASSETCATALOG_COMPILER_GLOBAL_ACCENT_COLOR_NAME = AccentColor;
				CODE_SIGN_STYLE = Automatic;
				DEVELOPMENT_TEAM = ZNF7KP865J;
				INFOPLIST_FILE = PhotoEditorSDKIssue/Info.plist;
				LD_RUNPATH_SEARCH_PATHS = (
					"$(inherited)",
					"@executable_path/Frameworks",
				);
				PRODUCT_BUNDLE_IDENTIFIER = comr.starr.PhotoEditorSDKIssue;
				PRODUCT_NAME = "$(TARGET_NAME)";
				SWIFT_VERSION = 5.0;
				TARGETED_DEVICE_FAMILY = "1,2";
			};
			name = Debug;
		};
		CB1AFA2C26F1EABF00F08951 /* Release */ = {
			isa = XCBuildConfiguration;
			buildSettings = {
				ASSETCATALOG_COMPILER_APPICON_NAME = AppIcon;
				ASSETCATALOG_COMPILER_GLOBAL_ACCENT_COLOR_NAME = AccentColor;
				CODE_SIGN_STYLE = Automatic;
				DEVELOPMENT_TEAM = ZNF7KP865J;
				INFOPLIST_FILE = PhotoEditorSDKIssue/Info.plist;
				LD_RUNPATH_SEARCH_PATHS = (
					"$(inherited)",
					"@executable_path/Frameworks",
				);
				PRODUCT_BUNDLE_IDENTIFIER = comr.starr.PhotoEditorSDKIssue;
				PRODUCT_NAME = "$(TARGET_NAME)";
				SWIFT_VERSION = 5.0;
				TARGETED_DEVICE_FAMILY = "1,2";
			};
			name = Release;
		};
/* End XCBuildConfiguration section */

/* Begin XCConfigurationList section */
		CB1AFA1126F1EABD00F08951 /* Build configuration list for PBXProject "PhotoEditorSDKIssue" */ = {
			isa = XCConfigurationList;
			buildConfigurations = (
				CB1AFA2826F1EABF00F08951 /* Debug */,
				CB1AFA2926F1EABF00F08951 /* Release */,
			);
			defaultConfigurationIsVisible = 0;
			defaultConfigurationName = Release;
		};
		CB1AFA2A26F1EABF00F08951 /* Build configuration list for PBXNativeTarget "PhotoEditorSDKIssue" */ = {
			isa = XCConfigurationList;
			buildConfigurations = (
				CB1AFA2B26F1EABF00F08951 /* Debug */,
				CB1AFA2C26F1EABF00F08951 /* Release */,
			);
			defaultConfigurationIsVisible = 0;
			defaultConfigurationName = Release;
		};
/* End XCConfigurationList section */

/* Begin XCRemoteSwiftPackageReference section */
		CB1AFA2D26F1EB1200F08951 /* XCRemoteSwiftPackageReference "pesdk-ios-build" */ = {
			isa = XCRemoteSwiftPackageReference;
			repositoryURL = "https://github.com/imgly/pesdk-ios-build";
			requirement = {
				kind = upToNextMajorVersion;
				minimumVersion = 10.26.0;
			};
		};
/* End XCRemoteSwiftPackageReference section */

/* Begin XCSwiftPackageProductDependency section */
		CB1AFA2E26F1EB1200F08951 /* PhotoEditorSDK */ = {
			isa = XCSwiftPackageProductDependency;
			package = CB1AFA2D26F1EB1200F08951 /* XCRemoteSwiftPackageReference "pesdk-ios-build" */;
			productName = PhotoEditorSDK;
		};
/* End XCSwiftPackageProductDependency section */
	};
	rootObject = CB1AFA0E26F1EABD00F08951 /* Project object */;
}
